// !$*UTF8*$!
{
	archiveVersion = 1;
	classes = {
	};
	objectVersion = 56;
	objects = {

/* Begin PBXBuildFile section */
		C40AC2C32AC17D8D00C8C9F4 /* BaseView.swift in Sources */ = {isa = PBXBuildFile; fileRef = C40AC2C22AC17D8D00C8C9F4 /* BaseView.swift */; };
		C40AC2C72AC190F900C8C9F4 /* Codable+Extensions.swift in Sources */ = {isa = PBXBuildFile; fileRef = C40AC2C62AC190F900C8C9F4 /* Codable+Extensions.swift */; };
		C40AC2C92AC196E300C8C9F4 /* error.gif in Resources */ = {isa = PBXBuildFile; fileRef = C40AC2C82AC196E300C8C9F4 /* error.gif */; };
		C40AC2CB2AC19AB700C8C9F4 /* BaseViewController.swift in Sources */ = {isa = PBXBuildFile; fileRef = C40AC2CA2AC19AB700C8C9F4 /* BaseViewController.swift */; };
		C40AC2CD2AC19E2F00C8C9F4 /* HomeCategorysView.xib in Resources */ = {isa = PBXBuildFile; fileRef = C40AC2CC2AC19E2F00C8C9F4 /* HomeCategorysView.xib */; };
		C40AC2CF2AC19E3800C8C9F4 /* HomeCategorysView.swift in Sources */ = {isa = PBXBuildFile; fileRef = C40AC2CE2AC19E3800C8C9F4 /* HomeCategorysView.swift */; };
		C40AC2D12AC19E4300C8C9F4 /* HomeCategorysViewReactor.swift in Sources */ = {isa = PBXBuildFile; fileRef = C40AC2D02AC19E4300C8C9F4 /* HomeCategorysViewReactor.swift */; };
		C41851692AC4165C004ADF84 /* HomeCategoryView.swift in Sources */ = {isa = PBXBuildFile; fileRef = C41851662AC4165C004ADF84 /* HomeCategoryView.swift */; };
		C418516B2AC4165C004ADF84 /* HomeCategoryView.xib in Resources */ = {isa = PBXBuildFile; fileRef = C41851682AC4165C004ADF84 /* HomeCategoryView.xib */; };
		C42143E32AA9C97E0094230D /* HomeStyleViewController.swift in Sources */ = {isa = PBXBuildFile; fileRef = C42143E22AA9C97E0094230D /* HomeStyleViewController.swift */; };
		C42143E52AA9C9E20094230D /* HomeNewViewController.swift in Sources */ = {isa = PBXBuildFile; fileRef = C42143E42AA9C9E20094230D /* HomeNewViewController.swift */; };
		C42143E82AA9CE520094230D /* NSObject+Extensions.swift in Sources */ = {isa = PBXBuildFile; fileRef = C42143E72AA9CE520094230D /* NSObject+Extensions.swift */; };
		C42143EB2AA9D7DD0094230D /* BaseTableCell.swift in Sources */ = {isa = PBXBuildFile; fileRef = C42143EA2AA9D7DD0094230D /* BaseTableCell.swift */; };
		C42143EE2AA9D8D80094230D /* CommonProductView.xib in Resources */ = {isa = PBXBuildFile; fileRef = C42143ED2AA9D8D80094230D /* CommonProductView.xib */; };
		C42143F02AA9D8DF0094230D /* CommonProductView.swift in Sources */ = {isa = PBXBuildFile; fileRef = C42143EF2AA9D8DF0094230D /* CommonProductView.swift */; };
		C460AE262ACD4B27008D22A4 /* UIScrollView+Extensions.swift in Sources */ = {isa = PBXBuildFile; fileRef = C460AE252ACD4B27008D22A4 /* UIScrollView+Extensions.swift */; };
		C460AE2D2ACD69ED008D22A4 /* HomeMoreListView.swift in Sources */ = {isa = PBXBuildFile; fileRef = C460AE2A2ACD69ED008D22A4 /* HomeMoreListView.swift */; };
		C460AE2F2ACD69ED008D22A4 /* HomeMoreListView.xib in Resources */ = {isa = PBXBuildFile; fileRef = C460AE2C2ACD69ED008D22A4 /* HomeMoreListView.xib */; };
		C49927D52ABA8A350007C299 /* HomeStyleHeaderView.xib in Resources */ = {isa = PBXBuildFile; fileRef = C49927D42ABA8A350007C299 /* HomeStyleHeaderView.xib */; };
		C49927D72ABA8A3C0007C299 /* HomeStyleHeaderView.swift in Sources */ = {isa = PBXBuildFile; fileRef = C49927D62ABA8A3C0007C299 /* HomeStyleHeaderView.swift */; };
		C49927DB2ABA8B690007C299 /* CommonBannerView.xib in Resources */ = {isa = PBXBuildFile; fileRef = C49927DA2ABA8B690007C299 /* CommonBannerView.xib */; };
		C49927DD2ABA8B700007C299 /* CommonBannerView.swift in Sources */ = {isa = PBXBuildFile; fileRef = C49927DC2ABA8B700007C299 /* CommonBannerView.swift */; };
		C49927DF2ABAA2D90007C299 /* UIImageView+Extensions.swift in Sources */ = {isa = PBXBuildFile; fileRef = C49927DE2ABAA2D90007C299 /* UIImageView+Extensions.swift */; };
		C49927E12ABAA42A0007C299 /* Collection+Exnteions.swift in Sources */ = {isa = PBXBuildFile; fileRef = C49927E02ABAA42A0007C299 /* Collection+Exnteions.swift */; };
		C49D7A472ABAD2F2000F4CB8 /* UIStackView+Extensions.swift in Sources */ = {isa = PBXBuildFile; fileRef = C49D7A462ABAD2F2000F4CB8 /* UIStackView+Extensions.swift */; };
		C49D7A4A2ABADAAD000F4CB8 /* ParallaxView.xib in Resources */ = {isa = PBXBuildFile; fileRef = C49D7A492ABADAAD000F4CB8 /* ParallaxView.xib */; };
		C49D7A4C2ABADAB5000F4CB8 /* ParallaxView.swift in Sources */ = {isa = PBXBuildFile; fileRef = C49D7A4B2ABADAB5000F4CB8 /* ParallaxView.swift */; };
		C49D7A4E2ABADD8B000F4CB8 /* ParallaxPagerView.xib in Resources */ = {isa = PBXBuildFile; fileRef = C49D7A4D2ABADD8B000F4CB8 /* ParallaxPagerView.xib */; };
		C49D7A502ABADD95000F4CB8 /* ParallaxPagerView.swift in Sources */ = {isa = PBXBuildFile; fileRef = C49D7A4F2ABADD95000F4CB8 /* ParallaxPagerView.swift */; };
		C49D7A532ABAF051000F4CB8 /* ApiProvider.swift in Sources */ = {isa = PBXBuildFile; fileRef = C49D7A522ABAF051000F4CB8 /* ApiProvider.swift */; };
		C49D7A552ABAF4E7000F4CB8 /* HomeApi.swift in Sources */ = {isa = PBXBuildFile; fileRef = C49D7A542ABAF4E7000F4CB8 /* HomeApi.swift */; };
		C49D7A5E2ABD2B98000F4CB8 /* Data+Extensions.swift in Sources */ = {isa = PBXBuildFile; fileRef = C49D7A5D2ABD2B98000F4CB8 /* Data+Extensions.swift */; };
		C49D7A612ABD344C000F4CB8 /* Const.swift in Sources */ = {isa = PBXBuildFile; fileRef = C49D7A602ABD344C000F4CB8 /* Const.swift */; };
		C49D7A632ABD68D5000F4CB8 /* UIViewController+Rx.swift in Sources */ = {isa = PBXBuildFile; fileRef = C49D7A622ABD68D5000F4CB8 /* UIViewController+Rx.swift */; };
		C49D7A652ABD7395000F4CB8 /* CommonLoadingView.xib in Resources */ = {isa = PBXBuildFile; fileRef = C49D7A642ABD7395000F4CB8 /* CommonLoadingView.xib */; };
		C49D7A672ABD739C000F4CB8 /* CommonLoadingView.swift in Sources */ = {isa = PBXBuildFile; fileRef = C49D7A662ABD739C000F4CB8 /* CommonLoadingView.swift */; };
		C49D7A692ABD73A5000F4CB8 /* CommonErrorView.xib in Resources */ = {isa = PBXBuildFile; fileRef = C49D7A682ABD73A5000F4CB8 /* CommonErrorView.xib */; };
		C49D7A6B2ABD73AF000F4CB8 /* CommonErrorView.swift in Sources */ = {isa = PBXBuildFile; fileRef = C49D7A6A2ABD73AF000F4CB8 /* CommonErrorView.swift */; };
		C49D7A7F2ABD9A17000F4CB8 /* loading.gif in Resources */ = {isa = PBXBuildFile; fileRef = C49D7A7E2ABD9A17000F4CB8 /* loading.gif */; };
		C4A0C95B2AB1B36100F46AD1 /* AppFlow.swift in Sources */ = {isa = PBXBuildFile; fileRef = C4A0C95A2AB1B36100F46AD1 /* AppFlow.swift */; };
		C4A0C95D2AB1B63900F46AD1 /* MainFlow.swift in Sources */ = {isa = PBXBuildFile; fileRef = C4A0C95C2AB1B63900F46AD1 /* MainFlow.swift */; };
		C4A0C95F2AB1B67700F46AD1 /* HomeFlow.swift in Sources */ = {isa = PBXBuildFile; fileRef = C4A0C95E2AB1B67700F46AD1 /* HomeFlow.swift */; };
		C4A0C9612AB1B89800F46AD1 /* HomeViewController.storyboard in Resources */ = {isa = PBXBuildFile; fileRef = C4A0C9602AB1B89800F46AD1 /* HomeViewController.storyboard */; };
		C4A0C9622AB1BA5D00F46AD1 /* NanumBarunGothic.ttf in Resources */ = {isa = PBXBuildFile; fileRef = C45E864A2AAF16A100C44B50 /* NanumBarunGothic.ttf */; };
		C4A0C9632AB1BA5D00F46AD1 /* NanumBarunGothicLight.ttf in Resources */ = {isa = PBXBuildFile; fileRef = C45E86492AAF16A100C44B50 /* NanumBarunGothicLight.ttf */; };
		C4A0C9642AB1BA5D00F46AD1 /* NanumBarunGothicUltraLight.ttf in Resources */ = {isa = PBXBuildFile; fileRef = C45E864B2AAF16A100C44B50 /* NanumBarunGothicUltraLight.ttf */; };
		C4A0C9652AB1BA5D00F46AD1 /* NanumBarunGothicBold.ttf in Resources */ = {isa = PBXBuildFile; fileRef = C45E864C2AAF16A100C44B50 /* NanumBarunGothicBold.ttf */; };
		C4A0C9672AB1BB2E00F46AD1 /* HomeReactor.swift in Sources */ = {isa = PBXBuildFile; fileRef = C4A0C9662AB1BB2E00F46AD1 /* HomeReactor.swift */; };
		C4A4E0372AA996420046F60C /* AppDelegate.swift in Sources */ = {isa = PBXBuildFile; fileRef = C4A4E0362AA996420046F60C /* AppDelegate.swift */; };
		C4A4E03B2AA996420046F60C /* HomeViewController.swift in Sources */ = {isa = PBXBuildFile; fileRef = C4A4E03A2AA996420046F60C /* HomeViewController.swift */; };
		C4A4E0402AA996430046F60C /* Assets.xcassets in Resources */ = {isa = PBXBuildFile; fileRef = C4A4E03F2AA996430046F60C /* Assets.xcassets */; };
		C4A4E0432AA996430046F60C /* LaunchScreen.storyboard in Resources */ = {isa = PBXBuildFile; fileRef = C4A4E0412AA996430046F60C /* LaunchScreen.storyboard */; };
		C4A4E04D2AA99C430046F60C /* XLPagerTabStrip in Frameworks */ = {isa = PBXBuildFile; productRef = C4A4E04C2AA99C430046F60C /* XLPagerTabStrip */; };
		C4A4E0562AA99D570046F60C /* RxCocoa in Frameworks */ = {isa = PBXBuildFile; productRef = C4A4E0552AA99D570046F60C /* RxCocoa */; };
		C4A4E0582AA99D570046F60C /* RxRelay in Frameworks */ = {isa = PBXBuildFile; productRef = C4A4E0572AA99D570046F60C /* RxRelay */; };
		C4A4E05A2AA99D570046F60C /* RxSwift in Frameworks */ = {isa = PBXBuildFile; productRef = C4A4E0592AA99D570046F60C /* RxSwift */; };
		C4A4E05D2AA99D7F0046F60C /* RxFlow in Frameworks */ = {isa = PBXBuildFile; productRef = C4A4E05C2AA99D7F0046F60C /* RxFlow */; };
		C4A4E0602AA99DF20046F60C /* RxGesture in Frameworks */ = {isa = PBXBuildFile; productRef = C4A4E05F2AA99DF20046F60C /* RxGesture */; };
		C4A4E0632AA99E990046F60C /* Alamofire in Frameworks */ = {isa = PBXBuildFile; productRef = C4A4E0622AA99E990046F60C /* Alamofire */; };
		C4A4E0662AA99F720046F60C /* Nuke in Frameworks */ = {isa = PBXBuildFile; productRef = C4A4E0652AA99F720046F60C /* Nuke */; };
		C4A4E0682AA99F730046F60C /* NukeExtensions in Frameworks */ = {isa = PBXBuildFile; productRef = C4A4E0672AA99F730046F60C /* NukeExtensions */; };
		C4A4E06A2AA99F730046F60C /* NukeUI in Frameworks */ = {isa = PBXBuildFile; productRef = C4A4E0692AA99F730046F60C /* NukeUI */; };
		C4A4E06C2AA99F730046F60C /* NukeVideo in Frameworks */ = {isa = PBXBuildFile; productRef = C4A4E06B2AA99F730046F60C /* NukeVideo */; };
		C4A4E06F2AA9A0470046F60C /* SnapKit in Frameworks */ = {isa = PBXBuildFile; productRef = C4A4E06E2AA9A0470046F60C /* SnapKit */; };
		C4A4E0722AA9A0520046F60C /* ReactorKit in Frameworks */ = {isa = PBXBuildFile; productRef = C4A4E0712AA9A0520046F60C /* ReactorKit */; };
		C4A4E0752AA9A0A40046F60C /* BonMot in Frameworks */ = {isa = PBXBuildFile; productRef = C4A4E0742AA9A0A40046F60C /* BonMot */; };
		C4A4E0782AA9A1440046F60C /* RxReusableKit in Frameworks */ = {isa = PBXBuildFile; productRef = C4A4E0772AA9A1440046F60C /* RxReusableKit */; };
		C4A4E0812AA9A8F80046F60C /* FSPagerView in Frameworks */ = {isa = PBXBuildFile; productRef = C4A4E0802AA9A8F80046F60C /* FSPagerView */; };
		C4A4E0872AA9ADBC0046F60C /* RxMoya in Frameworks */ = {isa = PBXBuildFile; productRef = C4A4E0862AA9ADBC0046F60C /* RxMoya */; };
		C4A4E08D2AA9AE730046F60C /* PopupDialog in Frameworks */ = {isa = PBXBuildFile; productRef = C4A4E08C2AA9AE730046F60C /* PopupDialog */; };
		C4A4E0932AA9AFB10046F60C /* RSKPlaceholderTextView in Frameworks */ = {isa = PBXBuildFile; productRef = C4A4E0922AA9AFB10046F60C /* RSKPlaceholderTextView */; };
		C4A4E0962AA9AFF80046F60C /* RealmSwift in Frameworks */ = {isa = PBXBuildFile; productRef = C4A4E0952AA9AFF80046F60C /* RealmSwift */; };
		C4A4E09F2AA9B70B0046F60C /* HomeNewViewController.storyboard in Resources */ = {isa = PBXBuildFile; fileRef = C4A4E09E2AA9B70B0046F60C /* HomeNewViewController.storyboard */; };
		C4A6C64C2AB97C5200016AFB /* HomeSearchView.xib in Resources */ = {isa = PBXBuildFile; fileRef = C4A6C64B2AB97C5200016AFB /* HomeSearchView.xib */; };
		C4A6C64E2AB97C5C00016AFB /* HomeSearchView.swift in Sources */ = {isa = PBXBuildFile; fileRef = C4A6C64D2AB97C5C00016AFB /* HomeSearchView.swift */; };
		C4A6C6502AB97C6300016AFB /* HomeSearchViewReactor.swift in Sources */ = {isa = PBXBuildFile; fileRef = C4A6C64F2AB97C6300016AFB /* HomeSearchViewReactor.swift */; };
		C4A6C6532AB97F4100016AFB /* Gifu in Frameworks */ = {isa = PBXBuildFile; productRef = C4A6C6522AB97F4100016AFB /* Gifu */; };
		C4A6C6582AB980DB00016AFB /* bar-logo.gif in Resources */ = {isa = PBXBuildFile; fileRef = C4A6C6572AB980DB00016AFB /* bar-logo.gif */; };
		C4A6C65F2AB98A1100016AFB /* UIView+Extensions.swift in Sources */ = {isa = PBXBuildFile; fileRef = C4A6C65E2AB98A1100016AFB /* UIView+Extensions.swift */; };
		C4A6C6612AB99CD100016AFB /* HomeStyleViewController.storyboard in Resources */ = {isa = PBXBuildFile; fileRef = C4A6C6602AB99CD100016AFB /* HomeStyleViewController.storyboard */; };
		C4A6C6642AB9A15400016AFB /* Reusable in Frameworks */ = {isa = PBXBuildFile; productRef = C4A6C6632AB9A15400016AFB /* Reusable */; };
		C4A6C6662AB9A26800016AFB /* HomeStyleReactor.swift in Sources */ = {isa = PBXBuildFile; fileRef = C4A6C6652AB9A26800016AFB /* HomeStyleReactor.swift */; };
		C4A6C6682AB9A53F00016AFB /* BaseCollectionCell.swift in Sources */ = {isa = PBXBuildFile; fileRef = C4A6C6672AB9A53F00016AFB /* BaseCollectionCell.swift */; };
		C4B353B92AC2C94000921ADC /* HomeCategoryItem.swift in Sources */ = {isa = PBXBuildFile; fileRef = C4B353B62AC2C94000921ADC /* HomeCategoryItem.swift */; };
		C4B353BB2AC2C94000921ADC /* HomeCategoryItem.xib in Resources */ = {isa = PBXBuildFile; fileRef = C4B353B82AC2C94000921ADC /* HomeCategoryItem.xib */; };
		C4B353BD2AC2CB0000921ADC /* BaseImageView.swift in Sources */ = {isa = PBXBuildFile; fileRef = C4B353BC2AC2CB0000921ADC /* BaseImageView.swift */; };
		C4DA5B582AB043920000DCA5 /* BonMotManager.swift in Sources */ = {isa = PBXBuildFile; fileRef = C4DA5B572AB043920000DCA5 /* BonMotManager.swift */; };
/* End PBXBuildFile section */

/* Begin PBXFileReference section */
		C40AC2C22AC17D8D00C8C9F4 /* BaseView.swift */ = {isa = PBXFileReference; lastKnownFileType = sourcecode.swift; path = BaseView.swift; sourceTree = "<group>"; };
		C40AC2C62AC190F900C8C9F4 /* Codable+Extensions.swift */ = {isa = PBXFileReference; lastKnownFileType = sourcecode.swift; path = "Codable+Extensions.swift"; sourceTree = "<group>"; };
		C40AC2C82AC196E300C8C9F4 /* error.gif */ = {isa = PBXFileReference; lastKnownFileType = image.gif; path = error.gif; sourceTree = "<group>"; };
		C40AC2CA2AC19AB700C8C9F4 /* BaseViewController.swift */ = {isa = PBXFileReference; lastKnownFileType = sourcecode.swift; path = BaseViewController.swift; sourceTree = "<group>"; };
		C40AC2CC2AC19E2F00C8C9F4 /* HomeCategorysView.xib */ = {isa = PBXFileReference; lastKnownFileType = file.xib; path = HomeCategorysView.xib; sourceTree = "<group>"; };
		C40AC2CE2AC19E3800C8C9F4 /* HomeCategorysView.swift */ = {isa = PBXFileReference; lastKnownFileType = sourcecode.swift; path = HomeCategorysView.swift; sourceTree = "<group>"; };
		C40AC2D02AC19E4300C8C9F4 /* HomeCategorysViewReactor.swift */ = {isa = PBXFileReference; lastKnownFileType = sourcecode.swift; path = HomeCategorysViewReactor.swift; sourceTree = "<group>"; };
		C41851662AC4165C004ADF84 /* HomeCategoryView.swift */ = {isa = PBXFileReference; lastKnownFileType = sourcecode.swift; path = HomeCategoryView.swift; sourceTree = "<group>"; };
		C41851682AC4165C004ADF84 /* HomeCategoryView.xib */ = {isa = PBXFileReference; lastKnownFileType = file.xib; path = HomeCategoryView.xib; sourceTree = "<group>"; };
		C42143E22AA9C97E0094230D /* HomeStyleViewController.swift */ = {isa = PBXFileReference; lastKnownFileType = sourcecode.swift; path = HomeStyleViewController.swift; sourceTree = "<group>"; };
		C42143E42AA9C9E20094230D /* HomeNewViewController.swift */ = {isa = PBXFileReference; lastKnownFileType = sourcecode.swift; path = HomeNewViewController.swift; sourceTree = "<group>"; };
		C42143E72AA9CE520094230D /* NSObject+Extensions.swift */ = {isa = PBXFileReference; lastKnownFileType = sourcecode.swift; path = "NSObject+Extensions.swift"; sourceTree = "<group>"; };
		C42143EA2AA9D7DD0094230D /* BaseTableCell.swift */ = {isa = PBXFileReference; lastKnownFileType = sourcecode.swift; path = BaseTableCell.swift; sourceTree = "<group>"; };
		C42143ED2AA9D8D80094230D /* CommonProductView.xib */ = {isa = PBXFileReference; lastKnownFileType = file.xib; path = CommonProductView.xib; sourceTree = "<group>"; };
		C42143EF2AA9D8DF0094230D /* CommonProductView.swift */ = {isa = PBXFileReference; lastKnownFileType = sourcecode.swift; path = CommonProductView.swift; sourceTree = "<group>"; };
		C45E86492AAF16A100C44B50 /* NanumBarunGothicLight.ttf */ = {isa = PBXFileReference; lastKnownFileType = file; path = NanumBarunGothicLight.ttf; sourceTree = "<group>"; };
		C45E864A2AAF16A100C44B50 /* NanumBarunGothic.ttf */ = {isa = PBXFileReference; lastKnownFileType = file; path = NanumBarunGothic.ttf; sourceTree = "<group>"; };
		C45E864B2AAF16A100C44B50 /* NanumBarunGothicUltraLight.ttf */ = {isa = PBXFileReference; lastKnownFileType = file; path = NanumBarunGothicUltraLight.ttf; sourceTree = "<group>"; };
		C45E864C2AAF16A100C44B50 /* NanumBarunGothicBold.ttf */ = {isa = PBXFileReference; lastKnownFileType = file; path = NanumBarunGothicBold.ttf; sourceTree = "<group>"; };
		C460AE252ACD4B27008D22A4 /* UIScrollView+Extensions.swift */ = {isa = PBXFileReference; lastKnownFileType = sourcecode.swift; path = "UIScrollView+Extensions.swift"; sourceTree = "<group>"; };
		C460AE2A2ACD69ED008D22A4 /* HomeMoreListView.swift */ = {isa = PBXFileReference; lastKnownFileType = sourcecode.swift; path = HomeMoreListView.swift; sourceTree = "<group>"; };
		C460AE2C2ACD69ED008D22A4 /* HomeMoreListView.xib */ = {isa = PBXFileReference; lastKnownFileType = file.xib; path = HomeMoreListView.xib; sourceTree = "<group>"; };
		C49927D42ABA8A350007C299 /* HomeStyleHeaderView.xib */ = {isa = PBXFileReference; lastKnownFileType = file.xib; path = HomeStyleHeaderView.xib; sourceTree = "<group>"; };
		C49927D62ABA8A3C0007C299 /* HomeStyleHeaderView.swift */ = {isa = PBXFileReference; lastKnownFileType = sourcecode.swift; path = HomeStyleHeaderView.swift; sourceTree = "<group>"; };
		C49927DA2ABA8B690007C299 /* CommonBannerView.xib */ = {isa = PBXFileReference; lastKnownFileType = file.xib; path = CommonBannerView.xib; sourceTree = "<group>"; };
		C49927DC2ABA8B700007C299 /* CommonBannerView.swift */ = {isa = PBXFileReference; lastKnownFileType = sourcecode.swift; path = CommonBannerView.swift; sourceTree = "<group>"; };
		C49927DE2ABAA2D90007C299 /* UIImageView+Extensions.swift */ = {isa = PBXFileReference; lastKnownFileType = sourcecode.swift; path = "UIImageView+Extensions.swift"; sourceTree = "<group>"; };
		C49927E02ABAA42A0007C299 /* Collection+Exnteions.swift */ = {isa = PBXFileReference; lastKnownFileType = sourcecode.swift; path = "Collection+Exnteions.swift"; sourceTree = "<group>"; };
		C49D7A462ABAD2F2000F4CB8 /* UIStackView+Extensions.swift */ = {isa = PBXFileReference; lastKnownFileType = sourcecode.swift; path = "UIStackView+Extensions.swift"; sourceTree = "<group>"; };
		C49D7A492ABADAAD000F4CB8 /* ParallaxView.xib */ = {isa = PBXFileReference; lastKnownFileType = file.xib; path = ParallaxView.xib; sourceTree = "<group>"; };
		C49D7A4B2ABADAB5000F4CB8 /* ParallaxView.swift */ = {isa = PBXFileReference; lastKnownFileType = sourcecode.swift; path = ParallaxView.swift; sourceTree = "<group>"; };
		C49D7A4D2ABADD8B000F4CB8 /* ParallaxPagerView.xib */ = {isa = PBXFileReference; lastKnownFileType = file.xib; path = ParallaxPagerView.xib; sourceTree = "<group>"; };
		C49D7A4F2ABADD95000F4CB8 /* ParallaxPagerView.swift */ = {isa = PBXFileReference; lastKnownFileType = sourcecode.swift; path = ParallaxPagerView.swift; sourceTree = "<group>"; };
		C49D7A522ABAF051000F4CB8 /* ApiProvider.swift */ = {isa = PBXFileReference; lastKnownFileType = sourcecode.swift; path = ApiProvider.swift; sourceTree = "<group>"; };
		C49D7A542ABAF4E7000F4CB8 /* HomeApi.swift */ = {isa = PBXFileReference; lastKnownFileType = sourcecode.swift; path = HomeApi.swift; sourceTree = "<group>"; };
		C49D7A5D2ABD2B98000F4CB8 /* Data+Extensions.swift */ = {isa = PBXFileReference; lastKnownFileType = sourcecode.swift; path = "Data+Extensions.swift"; sourceTree = "<group>"; };
		C49D7A602ABD344C000F4CB8 /* Const.swift */ = {isa = PBXFileReference; lastKnownFileType = sourcecode.swift; path = Const.swift; sourceTree = "<group>"; };
		C49D7A622ABD68D5000F4CB8 /* UIViewController+Rx.swift */ = {isa = PBXFileReference; lastKnownFileType = sourcecode.swift; path = "UIViewController+Rx.swift"; sourceTree = "<group>"; };
		C49D7A642ABD7395000F4CB8 /* CommonLoadingView.xib */ = {isa = PBXFileReference; lastKnownFileType = file.xib; path = CommonLoadingView.xib; sourceTree = "<group>"; };
		C49D7A662ABD739C000F4CB8 /* CommonLoadingView.swift */ = {isa = PBXFileReference; lastKnownFileType = sourcecode.swift; path = CommonLoadingView.swift; sourceTree = "<group>"; };
		C49D7A682ABD73A5000F4CB8 /* CommonErrorView.xib */ = {isa = PBXFileReference; lastKnownFileType = file.xib; path = CommonErrorView.xib; sourceTree = "<group>"; };
		C49D7A6A2ABD73AF000F4CB8 /* CommonErrorView.swift */ = {isa = PBXFileReference; lastKnownFileType = sourcecode.swift; path = CommonErrorView.swift; sourceTree = "<group>"; };
		C49D7A7E2ABD9A17000F4CB8 /* loading.gif */ = {isa = PBXFileReference; lastKnownFileType = image.gif; path = loading.gif; sourceTree = "<group>"; };
		C4A0C95A2AB1B36100F46AD1 /* AppFlow.swift */ = {isa = PBXFileReference; lastKnownFileType = sourcecode.swift; path = AppFlow.swift; sourceTree = "<group>"; };
		C4A0C95C2AB1B63900F46AD1 /* MainFlow.swift */ = {isa = PBXFileReference; lastKnownFileType = sourcecode.swift; path = MainFlow.swift; sourceTree = "<group>"; };
		C4A0C95E2AB1B67700F46AD1 /* HomeFlow.swift */ = {isa = PBXFileReference; lastKnownFileType = sourcecode.swift; path = HomeFlow.swift; sourceTree = "<group>"; };
		C4A0C9602AB1B89800F46AD1 /* HomeViewController.storyboard */ = {isa = PBXFileReference; lastKnownFileType = file.storyboard; path = HomeViewController.storyboard; sourceTree = "<group>"; };
		C4A0C9662AB1BB2E00F46AD1 /* HomeReactor.swift */ = {isa = PBXFileReference; lastKnownFileType = sourcecode.swift; path = HomeReactor.swift; sourceTree = "<group>"; };
		C4A4E0332AA996420046F60C /* commerce-rx.app */ = {isa = PBXFileReference; explicitFileType = wrapper.application; includeInIndex = 0; path = "commerce-rx.app"; sourceTree = BUILT_PRODUCTS_DIR; };
		C4A4E0362AA996420046F60C /* AppDelegate.swift */ = {isa = PBXFileReference; lastKnownFileType = sourcecode.swift; path = AppDelegate.swift; sourceTree = "<group>"; };
		C4A4E03A2AA996420046F60C /* HomeViewController.swift */ = {isa = PBXFileReference; lastKnownFileType = sourcecode.swift; path = HomeViewController.swift; sourceTree = "<group>"; };
		C4A4E03F2AA996430046F60C /* Assets.xcassets */ = {isa = PBXFileReference; lastKnownFileType = folder.assetcatalog; path = Assets.xcassets; sourceTree = "<group>"; };
		C4A4E0422AA996430046F60C /* Base */ = {isa = PBXFileReference; lastKnownFileType = file.storyboard; name = Base; path = Base.lproj/LaunchScreen.storyboard; sourceTree = "<group>"; };
		C4A4E0442AA996430046F60C /* Info.plist */ = {isa = PBXFileReference; lastKnownFileType = text.plist.xml; path = Info.plist; sourceTree = "<group>"; };
		C4A4E09E2AA9B70B0046F60C /* HomeNewViewController.storyboard */ = {isa = PBXFileReference; lastKnownFileType = file.storyboard; path = HomeNewViewController.storyboard; sourceTree = "<group>"; };
		C4A6C64B2AB97C5200016AFB /* HomeSearchView.xib */ = {isa = PBXFileReference; lastKnownFileType = file.xib; path = HomeSearchView.xib; sourceTree = "<group>"; };
		C4A6C64D2AB97C5C00016AFB /* HomeSearchView.swift */ = {isa = PBXFileReference; lastKnownFileType = sourcecode.swift; path = HomeSearchView.swift; sourceTree = "<group>"; };
		C4A6C64F2AB97C6300016AFB /* HomeSearchViewReactor.swift */ = {isa = PBXFileReference; lastKnownFileType = sourcecode.swift; path = HomeSearchViewReactor.swift; sourceTree = "<group>"; };
		C4A6C6572AB980DB00016AFB /* bar-logo.gif */ = {isa = PBXFileReference; lastKnownFileType = image.gif; path = "bar-logo.gif"; sourceTree = "<group>"; };
		C4A6C65E2AB98A1100016AFB /* UIView+Extensions.swift */ = {isa = PBXFileReference; lastKnownFileType = sourcecode.swift; path = "UIView+Extensions.swift"; sourceTree = "<group>"; };
		C4A6C6602AB99CD100016AFB /* HomeStyleViewController.storyboard */ = {isa = PBXFileReference; lastKnownFileType = file.storyboard; path = HomeStyleViewController.storyboard; sourceTree = "<group>"; };
		C4A6C6652AB9A26800016AFB /* HomeStyleReactor.swift */ = {isa = PBXFileReference; lastKnownFileType = sourcecode.swift; path = HomeStyleReactor.swift; sourceTree = "<group>"; };
		C4A6C6672AB9A53F00016AFB /* BaseCollectionCell.swift */ = {isa = PBXFileReference; lastKnownFileType = sourcecode.swift; path = BaseCollectionCell.swift; sourceTree = "<group>"; };
		C4B353B62AC2C94000921ADC /* HomeCategoryItem.swift */ = {isa = PBXFileReference; lastKnownFileType = sourcecode.swift; path = HomeCategoryItem.swift; sourceTree = "<group>"; };
		C4B353B82AC2C94000921ADC /* HomeCategoryItem.xib */ = {isa = PBXFileReference; lastKnownFileType = file.xib; path = HomeCategoryItem.xib; sourceTree = "<group>"; };
		C4B353BC2AC2CB0000921ADC /* BaseImageView.swift */ = {isa = PBXFileReference; lastKnownFileType = sourcecode.swift; path = BaseImageView.swift; sourceTree = "<group>"; };
		C4DA5B572AB043920000DCA5 /* BonMotManager.swift */ = {isa = PBXFileReference; lastKnownFileType = sourcecode.swift; path = BonMotManager.swift; sourceTree = "<group>"; };
/* End PBXFileReference section */

/* Begin PBXFrameworksBuildPhase section */
		C4A4E0302AA996420046F60C /* Frameworks */ = {
			isa = PBXFrameworksBuildPhase;
			buildActionMask = 2147483647;
			files = (
				C4A4E05D2AA99D7F0046F60C /* RxFlow in Frameworks */,
				C4A4E0632AA99E990046F60C /* Alamofire in Frameworks */,
				C4A4E0582AA99D570046F60C /* RxRelay in Frameworks */,
				C4A4E0562AA99D570046F60C /* RxCocoa in Frameworks */,
				C4A4E05A2AA99D570046F60C /* RxSwift in Frameworks */,
				C4A4E0722AA9A0520046F60C /* ReactorKit in Frameworks */,
				C4A4E06A2AA99F730046F60C /* NukeUI in Frameworks */,
				C4A4E08D2AA9AE730046F60C /* PopupDialog in Frameworks */,
				C4A4E0962AA9AFF80046F60C /* RealmSwift in Frameworks */,
				C4A4E0602AA99DF20046F60C /* RxGesture in Frameworks */,
				C4A4E04D2AA99C430046F60C /* XLPagerTabStrip in Frameworks */,
				C4A6C6642AB9A15400016AFB /* Reusable in Frameworks */,
				C4A4E0662AA99F720046F60C /* Nuke in Frameworks */,
				C4A4E0782AA9A1440046F60C /* RxReusableKit in Frameworks */,
				C4A4E06F2AA9A0470046F60C /* SnapKit in Frameworks */,
				C4A4E0752AA9A0A40046F60C /* BonMot in Frameworks */,
				C4A4E06C2AA99F730046F60C /* NukeVideo in Frameworks */,
				C4A4E0932AA9AFB10046F60C /* RSKPlaceholderTextView in Frameworks */,
				C4A6C6532AB97F4100016AFB /* Gifu in Frameworks */,
				C4A4E0872AA9ADBC0046F60C /* RxMoya in Frameworks */,
				C4A4E0812AA9A8F80046F60C /* FSPagerView in Frameworks */,
				C4A4E0682AA99F730046F60C /* NukeExtensions in Frameworks */,
			);
			runOnlyForDeploymentPostprocessing = 0;
		};
/* End PBXFrameworksBuildPhase section */

/* Begin PBXGroup section */
		C40AC2C42AC1909800C8C9F4 /* My */ = {
			isa = PBXGroup;
			children = (
				C42143E62AA9CE3B0094230D /* Extensions */,
				C42143E92AA9D7CE0094230D /* Base */,
				C49D7A512ABAEADD000F4CB8 /* Network */,
			);
			path = My;
			sourceTree = "<group>";
		};
		C40AC2C52AC190B300C8C9F4 /* Network */ = {
			isa = PBXGroup;
			children = (
				C49D7A542ABAF4E7000F4CB8 /* HomeApi.swift */,
			);
			path = Network;
			sourceTree = "<group>";
		};
		C418516C2AC41670004ADF84 /* Category */ = {
			isa = PBXGroup;
			children = (
				C4B353B82AC2C94000921ADC /* HomeCategoryItem.xib */,
				C4B353B62AC2C94000921ADC /* HomeCategoryItem.swift */,
				C41851682AC4165C004ADF84 /* HomeCategoryView.xib */,
				C41851662AC4165C004ADF84 /* HomeCategoryView.swift */,
			);
			path = Category;
			sourceTree = "<group>";
		};
		C42143E62AA9CE3B0094230D /* Extensions */ = {
			isa = PBXGroup;
			children = (
				C42143E72AA9CE520094230D /* NSObject+Extensions.swift */,
				C4A6C65E2AB98A1100016AFB /* UIView+Extensions.swift */,
				C49927DE2ABAA2D90007C299 /* UIImageView+Extensions.swift */,
				C49927E02ABAA42A0007C299 /* Collection+Exnteions.swift */,
				C49D7A462ABAD2F2000F4CB8 /* UIStackView+Extensions.swift */,
				C49D7A5D2ABD2B98000F4CB8 /* Data+Extensions.swift */,
				C49D7A622ABD68D5000F4CB8 /* UIViewController+Rx.swift */,
				C40AC2C62AC190F900C8C9F4 /* Codable+Extensions.swift */,
				C460AE252ACD4B27008D22A4 /* UIScrollView+Extensions.swift */,
			);
			path = Extensions;
			sourceTree = "<group>";
		};
		C42143E92AA9D7CE0094230D /* Base */ = {
			isa = PBXGroup;
			children = (
				C42143EA2AA9D7DD0094230D /* BaseTableCell.swift */,
				C4A6C6672AB9A53F00016AFB /* BaseCollectionCell.swift */,
				C40AC2C22AC17D8D00C8C9F4 /* BaseView.swift */,
				C40AC2CA2AC19AB700C8C9F4 /* BaseViewController.swift */,
				C4B353BC2AC2CB0000921ADC /* BaseImageView.swift */,
			);
			path = Base;
			sourceTree = "<group>";
		};
		C45E86472AAF166E00C44B50 /* Fonts */ = {
			isa = PBXGroup;
			children = (
				C45E86482AAF16A100C44B50 /* NanumBarun */,
			);
			path = Fonts;
			sourceTree = "<group>";
		};
		C45E86482AAF16A100C44B50 /* NanumBarun */ = {
			isa = PBXGroup;
			children = (
				C45E86492AAF16A100C44B50 /* NanumBarunGothicLight.ttf */,
				C45E864A2AAF16A100C44B50 /* NanumBarunGothic.ttf */,
				C45E864B2AAF16A100C44B50 /* NanumBarunGothicUltraLight.ttf */,
				C45E864C2AAF16A100C44B50 /* NanumBarunGothicBold.ttf */,
			);
			path = NanumBarun;
			sourceTree = "<group>";
		};
		C460AE292ACD69D4008D22A4 /* MoreList */ = {
			isa = PBXGroup;
			children = (
				C460AE2C2ACD69ED008D22A4 /* HomeMoreListView.xib */,
				C460AE2A2ACD69ED008D22A4 /* HomeMoreListView.swift */,
			);
			path = MoreList;
			sourceTree = "<group>";
		};
		C49927D32ABA8A270007C299 /* Views */ = {
			isa = PBXGroup;
			children = (
				C49927D42ABA8A350007C299 /* HomeStyleHeaderView.xib */,
				C49927D62ABA8A3C0007C299 /* HomeStyleHeaderView.swift */,
			);
			path = Views;
			sourceTree = "<group>";
		};
		C49927D82ABA8B5A0007C299 /* Common */ = {
			isa = PBXGroup;
			children = (
				C49D7A482ABAD9F6000F4CB8 /* ParallaxView */,
				C49927D92ABA8B600007C299 /* Views */,
			);
			path = Common;
			sourceTree = "<group>";
		};
		C49927D92ABA8B600007C299 /* Views */ = {
			isa = PBXGroup;
			children = (
				C42143ED2AA9D8D80094230D /* CommonProductView.xib */,
				C42143EF2AA9D8DF0094230D /* CommonProductView.swift */,
				C49D7A642ABD7395000F4CB8 /* CommonLoadingView.xib */,
				C49D7A662ABD739C000F4CB8 /* CommonLoadingView.swift */,
				C49D7A682ABD73A5000F4CB8 /* CommonErrorView.xib */,
				C49D7A6A2ABD73AF000F4CB8 /* CommonErrorView.swift */,
				C49927DA2ABA8B690007C299 /* CommonBannerView.xib */,
				C49927DC2ABA8B700007C299 /* CommonBannerView.swift */,
			);
			path = Views;
			sourceTree = "<group>";
		};
		C49D7A482ABAD9F6000F4CB8 /* ParallaxView */ = {
			isa = PBXGroup;
			children = (
				C49D7A492ABADAAD000F4CB8 /* ParallaxView.xib */,
				C49D7A4B2ABADAB5000F4CB8 /* ParallaxView.swift */,
				C49D7A4D2ABADD8B000F4CB8 /* ParallaxPagerView.xib */,
				C49D7A4F2ABADD95000F4CB8 /* ParallaxPagerView.swift */,
			);
			path = ParallaxView;
			sourceTree = "<group>";
		};
		C49D7A512ABAEADD000F4CB8 /* Network */ = {
			isa = PBXGroup;
			children = (
				C49D7A522ABAF051000F4CB8 /* ApiProvider.swift */,
			);
			path = Network;
			sourceTree = "<group>";
		};
		C49D7A5F2ABD302C000F4CB8 /* Utils */ = {
			isa = PBXGroup;
			children = (
				C49D7A602ABD344C000F4CB8 /* Const.swift */,
			);
			path = Utils;
			sourceTree = "<group>";
		};
		C4A0C9592AB1B35A00F46AD1 /* Flows */ = {
			isa = PBXGroup;
			children = (
				C4A0C95A2AB1B36100F46AD1 /* AppFlow.swift */,
				C4A0C95C2AB1B63900F46AD1 /* MainFlow.swift */,
				C4A0C95E2AB1B67700F46AD1 /* HomeFlow.swift */,
			);
			path = Flows;
			sourceTree = "<group>";
		};
		C4A4E02A2AA996420046F60C = {
			isa = PBXGroup;
			children = (
				C4A4E0352AA996420046F60C /* commerce-rx */,
				C4A4E0342AA996420046F60C /* Products */,
			);
			sourceTree = "<group>";
		};
		C4A4E0342AA996420046F60C /* Products */ = {
			isa = PBXGroup;
			children = (
				C4A4E0332AA996420046F60C /* commerce-rx.app */,
			);
			name = Products;
			sourceTree = "<group>";
		};
		C4A4E0352AA996420046F60C /* commerce-rx */ = {
			isa = PBXGroup;
			children = (
				C40AC2C42AC1909800C8C9F4 /* My */,
				C4A4E04E2AA99C480046F60C /* Resource */,
				C4A4E0502AA99C560046F60C /* Support Files */,
				C4A4E04F2AA99C4E0046F60C /* Source */,
			);
			path = "commerce-rx";
			sourceTree = "<group>";
		};
		C4A4E04E2AA99C480046F60C /* Resource */ = {
			isa = PBXGroup;
			children = (
				C4A6C6542AB980AC00016AFB /* Gif */,
				C45E86472AAF166E00C44B50 /* Fonts */,
				C4A4E03F2AA996430046F60C /* Assets.xcassets */,
			);
			path = Resource;
			sourceTree = "<group>";
		};
		C4A4E04F2AA99C4E0046F60C /* Source */ = {
			isa = PBXGroup;
			children = (
				C40AC2C52AC190B300C8C9F4 /* Network */,
				C49D7A5F2ABD302C000F4CB8 /* Utils */,
				C4A0C9592AB1B35A00F46AD1 /* Flows */,
				C4DA5B562AB043850000DCA5 /* Mangers */,
				C4A4E0522AA99C670046F60C /* Scene */,
				C4A4E0512AA99C600046F60C /* App */,
			);
			path = Source;
			sourceTree = "<group>";
		};
		C4A4E0502AA99C560046F60C /* Support Files */ = {
			isa = PBXGroup;
			children = (
				C4A4E0442AA996430046F60C /* Info.plist */,
			);
			path = "Support Files";
			sourceTree = "<group>";
		};
		C4A4E0512AA99C600046F60C /* App */ = {
			isa = PBXGroup;
			children = (
				C4A4E0362AA996420046F60C /* AppDelegate.swift */,
			);
			path = App;
			sourceTree = "<group>";
		};
		C4A4E0522AA99C670046F60C /* Scene */ = {
			isa = PBXGroup;
			children = (
				C49927D82ABA8B5A0007C299 /* Common */,
				C4A4E0532AA99C700046F60C /* Home */,
				C4A4E0412AA996430046F60C /* LaunchScreen.storyboard */,
			);
			path = Scene;
			sourceTree = "<group>";
		};
		C4A4E0532AA99C700046F60C /* Home */ = {
			isa = PBXGroup;
			children = (
				C4B353B52AC2C90F00921ADC /* Views */,
				C4A4E09D2AA9B6FC0046F60C /* New */,
				C4A4E09A2AA9B6900046F60C /* Style */,
				C4A4E0992AA9B6860046F60C /* Main */,
			);
			path = Home;
			sourceTree = "<group>";
		};
		C4A4E0992AA9B6860046F60C /* Main */ = {
			isa = PBXGroup;
			children = (
				C4A4E0A02AA9B8460046F60C /* Views */,
				C4A0C9602AB1B89800F46AD1 /* HomeViewController.storyboard */,
				C4A4E03A2AA996420046F60C /* HomeViewController.swift */,
				C4A0C9662AB1BB2E00F46AD1 /* HomeReactor.swift */,
			);
			path = Main;
			sourceTree = "<group>";
		};
		C4A4E09A2AA9B6900046F60C /* Style */ = {
			isa = PBXGroup;
			children = (
				C49927D32ABA8A270007C299 /* Views */,
				C4A6C6602AB99CD100016AFB /* HomeStyleViewController.storyboard */,
				C42143E22AA9C97E0094230D /* HomeStyleViewController.swift */,
				C4A6C6652AB9A26800016AFB /* HomeStyleReactor.swift */,
			);
			path = Style;
			sourceTree = "<group>";
		};
		C4A4E09D2AA9B6FC0046F60C /* New */ = {
			isa = PBXGroup;
			children = (
				C4A4E09E2AA9B70B0046F60C /* HomeNewViewController.storyboard */,
				C42143E42AA9C9E20094230D /* HomeNewViewController.swift */,
			);
			path = New;
			sourceTree = "<group>";
		};
		C4A4E0A02AA9B8460046F60C /* Views */ = {
			isa = PBXGroup;
			children = (
				C4A6C64B2AB97C5200016AFB /* HomeSearchView.xib */,
				C4A6C64D2AB97C5C00016AFB /* HomeSearchView.swift */,
				C4A6C64F2AB97C6300016AFB /* HomeSearchViewReactor.swift */,
				C40AC2CC2AC19E2F00C8C9F4 /* HomeCategorysView.xib */,
				C40AC2CE2AC19E3800C8C9F4 /* HomeCategorysView.swift */,
				C40AC2D02AC19E4300C8C9F4 /* HomeCategorysViewReactor.swift */,
			);
			path = Views;
			sourceTree = "<group>";
		};
		C4A6C6542AB980AC00016AFB /* Gif */ = {
			isa = PBXGroup;
			children = (
				C4A6C6572AB980DB00016AFB /* bar-logo.gif */,
				C49D7A7E2ABD9A17000F4CB8 /* loading.gif */,
				C40AC2C82AC196E300C8C9F4 /* error.gif */,
			);
			path = Gif;
			sourceTree = "<group>";
		};
		C4B353B52AC2C90F00921ADC /* Views */ = {
			isa = PBXGroup;
			children = (
				C460AE292ACD69D4008D22A4 /* MoreList */,
				C418516C2AC41670004ADF84 /* Category */,
			);
			path = Views;
			sourceTree = "<group>";
		};
		C4DA5B562AB043850000DCA5 /* Mangers */ = {
			isa = PBXGroup;
			children = (
				C4DA5B572AB043920000DCA5 /* BonMotManager.swift */,
			);
			path = Mangers;
			sourceTree = "<group>";
		};
/* End PBXGroup section */

/* Begin PBXNativeTarget section */
		C4A4E0322AA996420046F60C /* commerce-rx */ = {
			isa = PBXNativeTarget;
			buildConfigurationList = C4A4E0472AA996430046F60C /* Build configuration list for PBXNativeTarget "commerce-rx" */;
			buildPhases = (
				C4A4E02F2AA996420046F60C /* Sources */,
				C4A4E0302AA996420046F60C /* Frameworks */,
				C4A4E0312AA996420046F60C /* Resources */,
			);
			buildRules = (
			);
			dependencies = (
			);
			name = "commerce-rx";
			packageProductDependencies = (
				C4A4E04C2AA99C430046F60C /* XLPagerTabStrip */,
				C4A4E0552AA99D570046F60C /* RxCocoa */,
				C4A4E0572AA99D570046F60C /* RxRelay */,
				C4A4E0592AA99D570046F60C /* RxSwift */,
				C4A4E05C2AA99D7F0046F60C /* RxFlow */,
				C4A4E05F2AA99DF20046F60C /* RxGesture */,
				C4A4E0622AA99E990046F60C /* Alamofire */,
				C4A4E0652AA99F720046F60C /* Nuke */,
				C4A4E0672AA99F730046F60C /* NukeExtensions */,
				C4A4E0692AA99F730046F60C /* NukeUI */,
				C4A4E06B2AA99F730046F60C /* NukeVideo */,
				C4A4E06E2AA9A0470046F60C /* SnapKit */,
				C4A4E0712AA9A0520046F60C /* ReactorKit */,
				C4A4E0742AA9A0A40046F60C /* BonMot */,
				C4A4E0772AA9A1440046F60C /* RxReusableKit */,
				C4A4E0802AA9A8F80046F60C /* FSPagerView */,
				C4A4E0862AA9ADBC0046F60C /* RxMoya */,
				C4A4E08C2AA9AE730046F60C /* PopupDialog */,
				C4A4E0922AA9AFB10046F60C /* RSKPlaceholderTextView */,
				C4A4E0952AA9AFF80046F60C /* RealmSwift */,
				C4A6C6522AB97F4100016AFB /* Gifu */,
				C4A6C6632AB9A15400016AFB /* Reusable */,
			);
			productName = "commerce-rx";
			productReference = C4A4E0332AA996420046F60C /* commerce-rx.app */;
			productType = "com.apple.product-type.application";
		};
/* End PBXNativeTarget section */

/* Begin PBXProject section */
		C4A4E02B2AA996420046F60C /* Project object */ = {
			isa = PBXProject;
			attributes = {
				BuildIndependentTargetsInParallel = 1;
				LastSwiftUpdateCheck = 1430;
				LastUpgradeCheck = 1430;
				TargetAttributes = {
					C4A4E0322AA996420046F60C = {
						CreatedOnToolsVersion = 14.3.1;
					};
				};
			};
			buildConfigurationList = C4A4E02E2AA996420046F60C /* Build configuration list for PBXProject "commerce-rx" */;
			compatibilityVersion = "Xcode 14.0";
			developmentRegion = en;
			hasScannedForEncodings = 0;
			knownRegions = (
				en,
				Base,
			);
			mainGroup = C4A4E02A2AA996420046F60C;
			packageReferences = (
				C4A4E04B2AA99C430046F60C /* XCRemoteSwiftPackageReference "XLPagerTabStrip" */,
				C4A4E0542AA99D570046F60C /* XCRemoteSwiftPackageReference "RxSwift" */,
				C4A4E05B2AA99D7F0046F60C /* XCRemoteSwiftPackageReference "RxFlow" */,
				C4A4E05E2AA99DF20046F60C /* XCRemoteSwiftPackageReference "RxGesture" */,
				C4A4E0612AA99E990046F60C /* XCRemoteSwiftPackageReference "Alamofire" */,
				C4A4E0642AA99F720046F60C /* XCRemoteSwiftPackageReference "Nuke" */,
				C4A4E06D2AA9A0470046F60C /* XCRemoteSwiftPackageReference "SnapKit" */,
				C4A4E0702AA9A0520046F60C /* XCRemoteSwiftPackageReference "ReactorKit" */,
				C4A4E0732AA9A0A40046F60C /* XCRemoteSwiftPackageReference "BonMot" */,
				C4A4E0762AA9A1440046F60C /* XCRemoteSwiftPackageReference "ReusableKit" */,
				C4A4E07F2AA9A8F80046F60C /* XCRemoteSwiftPackageReference "FSPagerView" */,
				C4A4E0852AA9ADBC0046F60C /* XCRemoteSwiftPackageReference "Moya" */,
				C4A4E08B2AA9AE730046F60C /* XCRemoteSwiftPackageReference "PopupDialog" */,
				C4A4E0912AA9AFB10046F60C /* XCRemoteSwiftPackageReference "RSKPlaceholderTextView" */,
				C4A4E0942AA9AFF80046F60C /* XCRemoteSwiftPackageReference "realm-swift" */,
				C4A6C6512AB97F4100016AFB /* XCRemoteSwiftPackageReference "Gifu" */,
				C4A6C6622AB9A15400016AFB /* XCRemoteSwiftPackageReference "Reusable" */,
			);
			productRefGroup = C4A4E0342AA996420046F60C /* Products */;
			projectDirPath = "";
			projectRoot = "";
			targets = (
				C4A4E0322AA996420046F60C /* commerce-rx */,
			);
		};
/* End PBXProject section */

/* Begin PBXResourcesBuildPhase section */
		C4A4E0312AA996420046F60C /* Resources */ = {
			isa = PBXResourcesBuildPhase;
			buildActionMask = 2147483647;
			files = (
				C4A4E09F2AA9B70B0046F60C /* HomeNewViewController.storyboard in Resources */,
				C49D7A4A2ABADAAD000F4CB8 /* ParallaxView.xib in Resources */,
				C49927DB2ABA8B690007C299 /* CommonBannerView.xib in Resources */,
				C4A0C9642AB1BA5D00F46AD1 /* NanumBarunGothicUltraLight.ttf in Resources */,
				C418516B2AC4165C004ADF84 /* HomeCategoryView.xib in Resources */,
				C4A6C6612AB99CD100016AFB /* HomeStyleViewController.storyboard in Resources */,
				C4A6C6582AB980DB00016AFB /* bar-logo.gif in Resources */,
				C4A0C9652AB1BA5D00F46AD1 /* NanumBarunGothicBold.ttf in Resources */,
				C460AE2F2ACD69ED008D22A4 /* HomeMoreListView.xib in Resources */,
				C4A6C64C2AB97C5200016AFB /* HomeSearchView.xib in Resources */,
				C40AC2CD2AC19E2F00C8C9F4 /* HomeCategorysView.xib in Resources */,
				C4A0C9612AB1B89800F46AD1 /* HomeViewController.storyboard in Resources */,
				C42143EE2AA9D8D80094230D /* CommonProductView.xib in Resources */,
				C4B353BB2AC2C94000921ADC /* HomeCategoryItem.xib in Resources */,
				C49D7A692ABD73A5000F4CB8 /* CommonErrorView.xib in Resources */,
				C40AC2C92AC196E300C8C9F4 /* error.gif in Resources */,
				C4A0C9632AB1BA5D00F46AD1 /* NanumBarunGothicLight.ttf in Resources */,
				C4A4E0432AA996430046F60C /* LaunchScreen.storyboard in Resources */,
				C49D7A652ABD7395000F4CB8 /* CommonLoadingView.xib in Resources */,
				C49D7A7F2ABD9A17000F4CB8 /* loading.gif in Resources */,
				C4A0C9622AB1BA5D00F46AD1 /* NanumBarunGothic.ttf in Resources */,
				C49927D52ABA8A350007C299 /* HomeStyleHeaderView.xib in Resources */,
				C4A4E0402AA996430046F60C /* Assets.xcassets in Resources */,
				C49D7A4E2ABADD8B000F4CB8 /* ParallaxPagerView.xib in Resources */,
			);
			runOnlyForDeploymentPostprocessing = 0;
		};
/* End PBXResourcesBuildPhase section */

/* Begin PBXSourcesBuildPhase section */
		C4A4E02F2AA996420046F60C /* Sources */ = {
			isa = PBXSourcesBuildPhase;
			buildActionMask = 2147483647;
			files = (
				C4A6C6502AB97C6300016AFB /* HomeSearchViewReactor.swift in Sources */,
				C49D7A5E2ABD2B98000F4CB8 /* Data+Extensions.swift in Sources */,
				C42143E52AA9C9E20094230D /* HomeNewViewController.swift in Sources */,
				C49927D72ABA8A3C0007C299 /* HomeStyleHeaderView.swift in Sources */,
				C42143EB2AA9D7DD0094230D /* BaseTableCell.swift in Sources */,
				C4B353B92AC2C94000921ADC /* HomeCategoryItem.swift in Sources */,
				C40AC2CB2AC19AB700C8C9F4 /* BaseViewController.swift in Sources */,
				C4A0C95D2AB1B63900F46AD1 /* MainFlow.swift in Sources */,
				C4A4E03B2AA996420046F60C /* HomeViewController.swift in Sources */,
				C4A0C95B2AB1B36100F46AD1 /* AppFlow.swift in Sources */,
				C49927DD2ABA8B700007C299 /* CommonBannerView.swift in Sources */,
				C40AC2C32AC17D8D00C8C9F4 /* BaseView.swift in Sources */,
				C49D7A472ABAD2F2000F4CB8 /* UIStackView+Extensions.swift in Sources */,
				C49D7A632ABD68D5000F4CB8 /* UIViewController+Rx.swift in Sources */,
				C4A6C64E2AB97C5C00016AFB /* HomeSearchView.swift in Sources */,
				C42143E82AA9CE520094230D /* NSObject+Extensions.swift in Sources */,
				C4A6C6682AB9A53F00016AFB /* BaseCollectionCell.swift in Sources */,
				C49927E12ABAA42A0007C299 /* Collection+Exnteions.swift in Sources */,
				C4A4E0372AA996420046F60C /* AppDelegate.swift in Sources */,
				C4DA5B582AB043920000DCA5 /* BonMotManager.swift in Sources */,
				C49D7A672ABD739C000F4CB8 /* CommonLoadingView.swift in Sources */,
				C49D7A532ABAF051000F4CB8 /* ApiProvider.swift in Sources */,
				C41851692AC4165C004ADF84 /* HomeCategoryView.swift in Sources */,
				C4B353BD2AC2CB0000921ADC /* BaseImageView.swift in Sources */,
				C40AC2C72AC190F900C8C9F4 /* Codable+Extensions.swift in Sources */,
				C42143F02AA9D8DF0094230D /* CommonProductView.swift in Sources */,
				C4A6C65F2AB98A1100016AFB /* UIView+Extensions.swift in Sources */,
				C460AE262ACD4B27008D22A4 /* UIScrollView+Extensions.swift in Sources */,
				C49927DF2ABAA2D90007C299 /* UIImageView+Extensions.swift in Sources */,
				C40AC2D12AC19E4300C8C9F4 /* HomeCategorysViewReactor.swift in Sources */,
				C4A0C9672AB1BB2E00F46AD1 /* HomeReactor.swift in Sources */,
				C49D7A552ABAF4E7000F4CB8 /* HomeApi.swift in Sources */,
				C40AC2CF2AC19E3800C8C9F4 /* HomeCategorysView.swift in Sources */,
				C49D7A4C2ABADAB5000F4CB8 /* ParallaxView.swift in Sources */,
				C4A6C6662AB9A26800016AFB /* HomeStyleReactor.swift in Sources */,
				C49D7A502ABADD95000F4CB8 /* ParallaxPagerView.swift in Sources */,
				C4A0C95F2AB1B67700F46AD1 /* HomeFlow.swift in Sources */,
				C49D7A612ABD344C000F4CB8 /* Const.swift in Sources */,
				C49D7A6B2ABD73AF000F4CB8 /* CommonErrorView.swift in Sources */,
				C460AE2D2ACD69ED008D22A4 /* HomeMoreListView.swift in Sources */,
				C42143E32AA9C97E0094230D /* HomeStyleViewController.swift in Sources */,
			);
			runOnlyForDeploymentPostprocessing = 0;
		};
/* End PBXSourcesBuildPhase section */

/* Begin PBXVariantGroup section */
		C4A4E0412AA996430046F60C /* LaunchScreen.storyboard */ = {
			isa = PBXVariantGroup;
			children = (
				C4A4E0422AA996430046F60C /* Base */,
			);
			name = LaunchScreen.storyboard;
			sourceTree = "<group>";
		};
/* End PBXVariantGroup section */

/* Begin XCBuildConfiguration section */
		C49D7A6F2ABD85E2000F4CB8 /* DebugDev */ = {
			isa = XCBuildConfiguration;
			buildSettings = {
				ALWAYS_SEARCH_USER_PATHS = NO;
				CLANG_ANALYZER_NONNULL = YES;
				CLANG_ANALYZER_NUMBER_OBJECT_CONVERSION = YES_AGGRESSIVE;
				CLANG_CXX_LANGUAGE_STANDARD = "gnu++20";
				CLANG_ENABLE_MODULES = YES;
				CLANG_ENABLE_OBJC_ARC = YES;
				CLANG_ENABLE_OBJC_WEAK = YES;
				CLANG_WARN_BLOCK_CAPTURE_AUTORELEASING = YES;
				CLANG_WARN_BOOL_CONVERSION = YES;
				CLANG_WARN_COMMA = YES;
				CLANG_WARN_CONSTANT_CONVERSION = YES;
				CLANG_WARN_DEPRECATED_OBJC_IMPLEMENTATIONS = YES;
				CLANG_WARN_DIRECT_OBJC_ISA_USAGE = YES_ERROR;
				CLANG_WARN_DOCUMENTATION_COMMENTS = YES;
				CLANG_WARN_EMPTY_BODY = YES;
				CLANG_WARN_ENUM_CONVERSION = YES;
				CLANG_WARN_INFINITE_RECURSION = YES;
				CLANG_WARN_INT_CONVERSION = YES;
				CLANG_WARN_NON_LITERAL_NULL_CONVERSION = YES;
				CLANG_WARN_OBJC_IMPLICIT_RETAIN_SELF = YES;
				CLANG_WARN_OBJC_LITERAL_CONVERSION = YES;
				CLANG_WARN_OBJC_ROOT_CLASS = YES_ERROR;
				CLANG_WARN_QUOTED_INCLUDE_IN_FRAMEWORK_HEADER = YES;
				CLANG_WARN_RANGE_LOOP_ANALYSIS = YES;
				CLANG_WARN_STRICT_PROTOTYPES = YES;
				CLANG_WARN_SUSPICIOUS_MOVE = YES;
				CLANG_WARN_UNGUARDED_AVAILABILITY = YES_AGGRESSIVE;
				CLANG_WARN_UNREACHABLE_CODE = YES;
				CLANG_WARN__DUPLICATE_METHOD_MATCH = YES;
				COPY_PHASE_STRIP = NO;
				DEBUG_INFORMATION_FORMAT = dwarf;
				ENABLE_STRICT_OBJC_MSGSEND = YES;
				ENABLE_TESTABILITY = YES;
				GCC_C_LANGUAGE_STANDARD = gnu11;
				GCC_DYNAMIC_NO_PIC = NO;
				GCC_NO_COMMON_BLOCKS = YES;
				GCC_OPTIMIZATION_LEVEL = 0;
				GCC_PREPROCESSOR_DEFINITIONS = (
					"DEBUG=1",
					"$(inherited)",
				);
				GCC_WARN_64_TO_32_BIT_CONVERSION = YES;
				GCC_WARN_ABOUT_RETURN_TYPE = YES_ERROR;
				GCC_WARN_UNDECLARED_SELECTOR = YES;
				GCC_WARN_UNINITIALIZED_AUTOS = YES_AGGRESSIVE;
				GCC_WARN_UNUSED_FUNCTION = YES;
				GCC_WARN_UNUSED_VARIABLE = YES;
				IPHONEOS_DEPLOYMENT_TARGET = 15.6;
				MTL_ENABLE_DEBUG_INFO = INCLUDE_SOURCE;
				MTL_FAST_MATH = YES;
				ONLY_ACTIVE_ARCH = YES;
				SDKROOT = iphoneos;
				SWIFT_ACTIVE_COMPILATION_CONDITIONS = DEBUG;
				SWIFT_OPTIMIZATION_LEVEL = "-Onone";
			};
			name = DebugDev;
		};
		C49D7A702ABD85E2000F4CB8 /* DebugDev */ = {
			isa = XCBuildConfiguration;
			buildSettings = {
				ASSETCATALOG_COMPILER_APPICON_NAME = AppIcon;
				ASSETCATALOG_COMPILER_GLOBAL_ACCENT_COLOR_NAME = AccentColor;
				BASE_URL = "https://dev-notWorks.com";
				CODE_SIGN_STYLE = Manual;
				CURRENT_PROJECT_VERSION = 1;
				DEVELOPMENT_TEAM = "";
				GENERATE_INFOPLIST_FILE = YES;
				INFOPLIST_FILE = "commerce-rx/Support Files/Info.plist";
				INFOPLIST_KEY_UIApplicationSupportsIndirectInputEvents = YES;
				INFOPLIST_KEY_UILaunchStoryboardName = LaunchScreen;
				INFOPLIST_KEY_UIMainStoryboardFile = "";
				INFOPLIST_KEY_UISupportedInterfaceOrientations = UIInterfaceOrientationPortrait;
				INFOPLIST_KEY_UISupportedInterfaceOrientations_iPad = "UIInterfaceOrientationLandscapeLeft UIInterfaceOrientationPortrait";
				IPHONEOS_DEPLOYMENT_TARGET = 15.6;
				LD_RUNPATH_SEARCH_PATHS = (
					"$(inherited)",
					"@executable_path/Frameworks",
				);
				MARKETING_VERSION = 0.0.1;
				PRODUCT_BUNDLE_IDENTIFIER = "net.jeongSuhong.commerce-rx";
				PRODUCT_NAME = "$(TARGET_NAME)";
				PROVISIONING_PROFILE_SPECIFIER = "";
				SUPPORTED_PLATFORMS = "iphoneos iphonesimulator";
				SUPPORTS_MACCATALYST = NO;
				SUPPORTS_MAC_DESIGNED_FOR_IPHONE_IPAD = YES;
				SWIFT_EMIT_LOC_STRINGS = YES;
				SWIFT_VERSION = 5.0;
				TARGETED_DEVICE_FAMILY = 1;
			};
			name = DebugDev;
		};
		C49D7A712ABD85E8000F4CB8 /* ReleaseDev */ = {
			isa = XCBuildConfiguration;
			buildSettings = {
				ALWAYS_SEARCH_USER_PATHS = NO;
				CLANG_ANALYZER_NONNULL = YES;
				CLANG_ANALYZER_NUMBER_OBJECT_CONVERSION = YES_AGGRESSIVE;
				CLANG_CXX_LANGUAGE_STANDARD = "gnu++20";
				CLANG_ENABLE_MODULES = YES;
				CLANG_ENABLE_OBJC_ARC = YES;
				CLANG_ENABLE_OBJC_WEAK = YES;
				CLANG_WARN_BLOCK_CAPTURE_AUTORELEASING = YES;
				CLANG_WARN_BOOL_CONVERSION = YES;
				CLANG_WARN_COMMA = YES;
				CLANG_WARN_CONSTANT_CONVERSION = YES;
				CLANG_WARN_DEPRECATED_OBJC_IMPLEMENTATIONS = YES;
				CLANG_WARN_DIRECT_OBJC_ISA_USAGE = YES_ERROR;
				CLANG_WARN_DOCUMENTATION_COMMENTS = YES;
				CLANG_WARN_EMPTY_BODY = YES;
				CLANG_WARN_ENUM_CONVERSION = YES;
				CLANG_WARN_INFINITE_RECURSION = YES;
				CLANG_WARN_INT_CONVERSION = YES;
				CLANG_WARN_NON_LITERAL_NULL_CONVERSION = YES;
				CLANG_WARN_OBJC_IMPLICIT_RETAIN_SELF = YES;
				CLANG_WARN_OBJC_LITERAL_CONVERSION = YES;
				CLANG_WARN_OBJC_ROOT_CLASS = YES_ERROR;
				CLANG_WARN_QUOTED_INCLUDE_IN_FRAMEWORK_HEADER = YES;
				CLANG_WARN_RANGE_LOOP_ANALYSIS = YES;
				CLANG_WARN_STRICT_PROTOTYPES = YES;
				CLANG_WARN_SUSPICIOUS_MOVE = YES;
				CLANG_WARN_UNGUARDED_AVAILABILITY = YES_AGGRESSIVE;
				CLANG_WARN_UNREACHABLE_CODE = YES;
				CLANG_WARN__DUPLICATE_METHOD_MATCH = YES;
				COPY_PHASE_STRIP = NO;
				DEBUG_INFORMATION_FORMAT = "dwarf-with-dsym";
				ENABLE_NS_ASSERTIONS = NO;
				ENABLE_STRICT_OBJC_MSGSEND = YES;
				GCC_C_LANGUAGE_STANDARD = gnu11;
				GCC_NO_COMMON_BLOCKS = YES;
				GCC_WARN_64_TO_32_BIT_CONVERSION = YES;
				GCC_WARN_ABOUT_RETURN_TYPE = YES_ERROR;
				GCC_WARN_UNDECLARED_SELECTOR = YES;
				GCC_WARN_UNINITIALIZED_AUTOS = YES_AGGRESSIVE;
				GCC_WARN_UNUSED_FUNCTION = YES;
				GCC_WARN_UNUSED_VARIABLE = YES;
				IPHONEOS_DEPLOYMENT_TARGET = 15.6;
				MTL_ENABLE_DEBUG_INFO = NO;
				MTL_FAST_MATH = YES;
				SDKROOT = iphoneos;
				SWIFT_ACTIVE_COMPILATION_CONDITIONS = DEBUG;
				SWIFT_COMPILATION_MODE = wholemodule;
				SWIFT_OPTIMIZATION_LEVEL = "-O";
				VALIDATE_PRODUCT = YES;
			};
			name = ReleaseDev;
		};
		C49D7A722ABD85E8000F4CB8 /* ReleaseDev */ = {
			isa = XCBuildConfiguration;
			buildSettings = {
				ASSETCATALOG_COMPILER_APPICON_NAME = AppIcon;
				ASSETCATALOG_COMPILER_GLOBAL_ACCENT_COLOR_NAME = AccentColor;
				BASE_URL = "https://dev-notWorks.com";
				CODE_SIGN_STYLE = Manual;
				CURRENT_PROJECT_VERSION = 1;
				DEVELOPMENT_TEAM = "";
				GENERATE_INFOPLIST_FILE = YES;
				INFOPLIST_FILE = "commerce-rx/Support Files/Info.plist";
				INFOPLIST_KEY_UIApplicationSupportsIndirectInputEvents = YES;
				INFOPLIST_KEY_UILaunchStoryboardName = LaunchScreen;
				INFOPLIST_KEY_UIMainStoryboardFile = "";
				INFOPLIST_KEY_UISupportedInterfaceOrientations = UIInterfaceOrientationPortrait;
				INFOPLIST_KEY_UISupportedInterfaceOrientations_iPad = "UIInterfaceOrientationLandscapeLeft UIInterfaceOrientationPortrait";
				IPHONEOS_DEPLOYMENT_TARGET = 15.6;
				LD_RUNPATH_SEARCH_PATHS = (
					"$(inherited)",
					"@executable_path/Frameworks",
				);
				MARKETING_VERSION = 0.0.1;
				PRODUCT_BUNDLE_IDENTIFIER = "net.jeongSuhong.commerce-rx";
				PRODUCT_NAME = "$(TARGET_NAME)";
				PROVISIONING_PROFILE_SPECIFIER = "";
				SUPPORTED_PLATFORMS = "iphoneos iphonesimulator";
				SUPPORTS_MACCATALYST = NO;
				SUPPORTS_MAC_DESIGNED_FOR_IPHONE_IPAD = YES;
				SWIFT_EMIT_LOC_STRINGS = YES;
				SWIFT_VERSION = 5.0;
				TARGETED_DEVICE_FAMILY = 1;
			};
			name = ReleaseDev;
		};
		C4A4E0452AA996430046F60C /* Debug */ = {
			isa = XCBuildConfiguration;
			buildSettings = {
				ALWAYS_SEARCH_USER_PATHS = NO;
				CLANG_ANALYZER_NONNULL = YES;
				CLANG_ANALYZER_NUMBER_OBJECT_CONVERSION = YES_AGGRESSIVE;
				CLANG_CXX_LANGUAGE_STANDARD = "gnu++20";
				CLANG_ENABLE_MODULES = YES;
				CLANG_ENABLE_OBJC_ARC = YES;
				CLANG_ENABLE_OBJC_WEAK = YES;
				CLANG_WARN_BLOCK_CAPTURE_AUTORELEASING = YES;
				CLANG_WARN_BOOL_CONVERSION = YES;
				CLANG_WARN_COMMA = YES;
				CLANG_WARN_CONSTANT_CONVERSION = YES;
				CLANG_WARN_DEPRECATED_OBJC_IMPLEMENTATIONS = YES;
				CLANG_WARN_DIRECT_OBJC_ISA_USAGE = YES_ERROR;
				CLANG_WARN_DOCUMENTATION_COMMENTS = YES;
				CLANG_WARN_EMPTY_BODY = YES;
				CLANG_WARN_ENUM_CONVERSION = YES;
				CLANG_WARN_INFINITE_RECURSION = YES;
				CLANG_WARN_INT_CONVERSION = YES;
				CLANG_WARN_NON_LITERAL_NULL_CONVERSION = YES;
				CLANG_WARN_OBJC_IMPLICIT_RETAIN_SELF = YES;
				CLANG_WARN_OBJC_LITERAL_CONVERSION = YES;
				CLANG_WARN_OBJC_ROOT_CLASS = YES_ERROR;
				CLANG_WARN_QUOTED_INCLUDE_IN_FRAMEWORK_HEADER = YES;
				CLANG_WARN_RANGE_LOOP_ANALYSIS = YES;
				CLANG_WARN_STRICT_PROTOTYPES = YES;
				CLANG_WARN_SUSPICIOUS_MOVE = YES;
				CLANG_WARN_UNGUARDED_AVAILABILITY = YES_AGGRESSIVE;
				CLANG_WARN_UNREACHABLE_CODE = YES;
				CLANG_WARN__DUPLICATE_METHOD_MATCH = YES;
				COPY_PHASE_STRIP = NO;
				DEBUG_INFORMATION_FORMAT = dwarf;
				ENABLE_STRICT_OBJC_MSGSEND = YES;
				ENABLE_TESTABILITY = YES;
				GCC_C_LANGUAGE_STANDARD = gnu11;
				GCC_DYNAMIC_NO_PIC = NO;
				GCC_NO_COMMON_BLOCKS = YES;
				GCC_OPTIMIZATION_LEVEL = 0;
				GCC_PREPROCESSOR_DEFINITIONS = (
					"DEBUG=1",
					"$(inherited)",
				);
				GCC_WARN_64_TO_32_BIT_CONVERSION = YES;
				GCC_WARN_ABOUT_RETURN_TYPE = YES_ERROR;
				GCC_WARN_UNDECLARED_SELECTOR = YES;
				GCC_WARN_UNINITIALIZED_AUTOS = YES_AGGRESSIVE;
				GCC_WARN_UNUSED_FUNCTION = YES;
				GCC_WARN_UNUSED_VARIABLE = YES;
				IPHONEOS_DEPLOYMENT_TARGET = 15.6;
				MTL_ENABLE_DEBUG_INFO = INCLUDE_SOURCE;
				MTL_FAST_MATH = YES;
				ONLY_ACTIVE_ARCH = YES;
				SDKROOT = iphoneos;
				SWIFT_ACTIVE_COMPILATION_CONDITIONS = DEBUG;
				SWIFT_OPTIMIZATION_LEVEL = "-Onone";
			};
			name = Debug;
		};
		C4A4E0462AA996430046F60C /* Release */ = {
			isa = XCBuildConfiguration;
			buildSettings = {
				ALWAYS_SEARCH_USER_PATHS = NO;
				CLANG_ANALYZER_NONNULL = YES;
				CLANG_ANALYZER_NUMBER_OBJECT_CONVERSION = YES_AGGRESSIVE;
				CLANG_CXX_LANGUAGE_STANDARD = "gnu++20";
				CLANG_ENABLE_MODULES = YES;
				CLANG_ENABLE_OBJC_ARC = YES;
				CLANG_ENABLE_OBJC_WEAK = YES;
				CLANG_WARN_BLOCK_CAPTURE_AUTORELEASING = YES;
				CLANG_WARN_BOOL_CONVERSION = YES;
				CLANG_WARN_COMMA = YES;
				CLANG_WARN_CONSTANT_CONVERSION = YES;
				CLANG_WARN_DEPRECATED_OBJC_IMPLEMENTATIONS = YES;
				CLANG_WARN_DIRECT_OBJC_ISA_USAGE = YES_ERROR;
				CLANG_WARN_DOCUMENTATION_COMMENTS = YES;
				CLANG_WARN_EMPTY_BODY = YES;
				CLANG_WARN_ENUM_CONVERSION = YES;
				CLANG_WARN_INFINITE_RECURSION = YES;
				CLANG_WARN_INT_CONVERSION = YES;
				CLANG_WARN_NON_LITERAL_NULL_CONVERSION = YES;
				CLANG_WARN_OBJC_IMPLICIT_RETAIN_SELF = YES;
				CLANG_WARN_OBJC_LITERAL_CONVERSION = YES;
				CLANG_WARN_OBJC_ROOT_CLASS = YES_ERROR;
				CLANG_WARN_QUOTED_INCLUDE_IN_FRAMEWORK_HEADER = YES;
				CLANG_WARN_RANGE_LOOP_ANALYSIS = YES;
				CLANG_WARN_STRICT_PROTOTYPES = YES;
				CLANG_WARN_SUSPICIOUS_MOVE = YES;
				CLANG_WARN_UNGUARDED_AVAILABILITY = YES_AGGRESSIVE;
				CLANG_WARN_UNREACHABLE_CODE = YES;
				CLANG_WARN__DUPLICATE_METHOD_MATCH = YES;
				COPY_PHASE_STRIP = NO;
				DEBUG_INFORMATION_FORMAT = "dwarf-with-dsym";
				ENABLE_NS_ASSERTIONS = NO;
				ENABLE_STRICT_OBJC_MSGSEND = YES;
				GCC_C_LANGUAGE_STANDARD = gnu11;
				GCC_NO_COMMON_BLOCKS = YES;
				GCC_WARN_64_TO_32_BIT_CONVERSION = YES;
				GCC_WARN_ABOUT_RETURN_TYPE = YES_ERROR;
				GCC_WARN_UNDECLARED_SELECTOR = YES;
				GCC_WARN_UNINITIALIZED_AUTOS = YES_AGGRESSIVE;
				GCC_WARN_UNUSED_FUNCTION = YES;
				GCC_WARN_UNUSED_VARIABLE = YES;
				IPHONEOS_DEPLOYMENT_TARGET = 15.6;
				MTL_ENABLE_DEBUG_INFO = NO;
				MTL_FAST_MATH = YES;
				SDKROOT = iphoneos;
				SWIFT_COMPILATION_MODE = wholemodule;
				SWIFT_OPTIMIZATION_LEVEL = "-O";
				VALIDATE_PRODUCT = YES;
			};
			name = Release;
		};
		C4A4E0482AA996430046F60C /* Debug */ = {
			isa = XCBuildConfiguration;
			buildSettings = {
				ASSETCATALOG_COMPILER_APPICON_NAME = AppIcon;
				ASSETCATALOG_COMPILER_GLOBAL_ACCENT_COLOR_NAME = AccentColor;
				BASE_URL = "https://dev-notWorks.com";
				CODE_SIGN_STYLE = Manual;
				CURRENT_PROJECT_VERSION = 1;
				DEVELOPMENT_TEAM = "";
				GENERATE_INFOPLIST_FILE = YES;
				INFOPLIST_FILE = "commerce-rx/Support Files/Info.plist";
				INFOPLIST_KEY_UIApplicationSupportsIndirectInputEvents = YES;
				INFOPLIST_KEY_UILaunchStoryboardName = LaunchScreen;
				INFOPLIST_KEY_UIMainStoryboardFile = "";
				INFOPLIST_KEY_UISupportedInterfaceOrientations = UIInterfaceOrientationPortrait;
				INFOPLIST_KEY_UISupportedInterfaceOrientations_iPad = "UIInterfaceOrientationLandscapeLeft UIInterfaceOrientationPortrait";
				IPHONEOS_DEPLOYMENT_TARGET = 15.6;
				LD_RUNPATH_SEARCH_PATHS = (
					"$(inherited)",
					"@executable_path/Frameworks",
				);
				MARKETING_VERSION = 0.0.1;
				PRODUCT_BUNDLE_IDENTIFIER = "net.jeongSuhong.commerce-rx";
				PRODUCT_NAME = "$(TARGET_NAME)";
				PROVISIONING_PROFILE_SPECIFIER = "";
				SUPPORTED_PLATFORMS = "iphoneos iphonesimulator";
				SUPPORTS_MACCATALYST = NO;
				SUPPORTS_MAC_DESIGNED_FOR_IPHONE_IPAD = YES;
				SWIFT_EMIT_LOC_STRINGS = YES;
				SWIFT_VERSION = 5.0;
				TARGETED_DEVICE_FAMILY = 1;
			};
			name = Debug;
		};
		C4A4E0492AA996430046F60C /* Release */ = {
			isa = XCBuildConfiguration;
			buildSettings = {
				ASSETCATALOG_COMPILER_APPICON_NAME = AppIcon;
				ASSETCATALOG_COMPILER_GLOBAL_ACCENT_COLOR_NAME = AccentColor;
				BASE_URL = "https://dev-notWorks.com";
				CODE_SIGN_STYLE = Manual;
				CURRENT_PROJECT_VERSION = 1;
				DEVELOPMENT_TEAM = "";
				GENERATE_INFOPLIST_FILE = YES;
				INFOPLIST_FILE = "commerce-rx/Support Files/Info.plist";
				INFOPLIST_KEY_UIApplicationSupportsIndirectInputEvents = YES;
				INFOPLIST_KEY_UILaunchStoryboardName = LaunchScreen;
				INFOPLIST_KEY_UIMainStoryboardFile = "";
				INFOPLIST_KEY_UISupportedInterfaceOrientations = UIInterfaceOrientationPortrait;
				INFOPLIST_KEY_UISupportedInterfaceOrientations_iPad = "UIInterfaceOrientationLandscapeLeft UIInterfaceOrientationPortrait";
				IPHONEOS_DEPLOYMENT_TARGET = 15.6;
				LD_RUNPATH_SEARCH_PATHS = (
					"$(inherited)",
					"@executable_path/Frameworks",
				);
				MARKETING_VERSION = 0.0.1;
				PRODUCT_BUNDLE_IDENTIFIER = "net.jeongSuhong.commerce-rx";
				PRODUCT_NAME = "$(TARGET_NAME)";
				PROVISIONING_PROFILE_SPECIFIER = "";
				SUPPORTED_PLATFORMS = "iphoneos iphonesimulator";
				SUPPORTS_MACCATALYST = NO;
				SUPPORTS_MAC_DESIGNED_FOR_IPHONE_IPAD = YES;
				SWIFT_EMIT_LOC_STRINGS = YES;
				SWIFT_VERSION = 5.0;
				TARGETED_DEVICE_FAMILY = 1;
			};
			name = Release;
		};
/* End XCBuildConfiguration section */

/* Begin XCConfigurationList section */
		C4A4E02E2AA996420046F60C /* Build configuration list for PBXProject "commerce-rx" */ = {
			isa = XCConfigurationList;
			buildConfigurations = (
				C4A4E0452AA996430046F60C /* Debug */,
				C49D7A6F2ABD85E2000F4CB8 /* DebugDev */,
				C4A4E0462AA996430046F60C /* Release */,
				C49D7A712ABD85E8000F4CB8 /* ReleaseDev */,
			);
			defaultConfigurationIsVisible = 0;
			defaultConfigurationName = Release;
		};
		C4A4E0472AA996430046F60C /* Build configuration list for PBXNativeTarget "commerce-rx" */ = {
			isa = XCConfigurationList;
			buildConfigurations = (
				C4A4E0482AA996430046F60C /* Debug */,
				C49D7A702ABD85E2000F4CB8 /* DebugDev */,
				C4A4E0492AA996430046F60C /* Release */,
				C49D7A722ABD85E8000F4CB8 /* ReleaseDev */,
			);
			defaultConfigurationIsVisible = 0;
			defaultConfigurationName = Release;
		};
/* End XCConfigurationList section */

/* Begin XCRemoteSwiftPackageReference section */
		C4A4E04B2AA99C430046F60C /* XCRemoteSwiftPackageReference "XLPagerTabStrip" */ = {
			isa = XCRemoteSwiftPackageReference;
			repositoryURL = "https://github.com/xmartlabs/XLPagerTabStrip.git";
			requirement = {
				kind = exactVersion;
				version = 9.1.0;
			};
		};
		C4A4E0542AA99D570046F60C /* XCRemoteSwiftPackageReference "RxSwift" */ = {
			isa = XCRemoteSwiftPackageReference;
			repositoryURL = "https://github.com/ReactiveX/RxSwift.git";
			requirement = {
				kind = exactVersion;
				version = 6.6.0;
			};
		};
		C4A4E05B2AA99D7F0046F60C /* XCRemoteSwiftPackageReference "RxFlow" */ = {
			isa = XCRemoteSwiftPackageReference;
			repositoryURL = "https://github.com/RxSwiftCommunity/RxFlow";
			requirement = {
				kind = exactVersion;
				version = 2.13.0;
			};
		};
		C4A4E05E2AA99DF20046F60C /* XCRemoteSwiftPackageReference "RxGesture" */ = {
			isa = XCRemoteSwiftPackageReference;
			repositoryURL = "https://github.com/RxSwiftCommunity/RxGesture.git";
			requirement = {
				kind = exactVersion;
				version = 4.0.4;
			};
		};
		C4A4E0612AA99E990046F60C /* XCRemoteSwiftPackageReference "Alamofire" */ = {
			isa = XCRemoteSwiftPackageReference;
			repositoryURL = "https://github.com/Alamofire/Alamofire";
			requirement = {
				kind = exactVersion;
				version = 5.8.0;
			};
		};
		C4A4E0642AA99F720046F60C /* XCRemoteSwiftPackageReference "Nuke" */ = {
			isa = XCRemoteSwiftPackageReference;
			repositoryURL = "https://github.com/kean/Nuke.git";
			requirement = {
				kind = exactVersion;
				version = 12.1.6;
			};
		};
		C4A4E06D2AA9A0470046F60C /* XCRemoteSwiftPackageReference "SnapKit" */ = {
			isa = XCRemoteSwiftPackageReference;
			repositoryURL = "https://github.com/SnapKit/SnapKit.git";
			requirement = {
				kind = exactVersion;
				version = 5.6.0;
			};
		};
		C4A4E0702AA9A0520046F60C /* XCRemoteSwiftPackageReference "ReactorKit" */ = {
			isa = XCRemoteSwiftPackageReference;
			repositoryURL = "https://github.com/ReactorKit/ReactorKit.git";
			requirement = {
				kind = exactVersion;
				version = 3.2.0;
			};
		};
		C4A4E0732AA9A0A40046F60C /* XCRemoteSwiftPackageReference "BonMot" */ = {
			isa = XCRemoteSwiftPackageReference;
			repositoryURL = "https://github.com/Rightpoint/BonMot.git";
			requirement = {
				kind = exactVersion;
				version = 6.1.3;
			};
		};
		C4A4E0762AA9A1440046F60C /* XCRemoteSwiftPackageReference "ReusableKit" */ = {
			isa = XCRemoteSwiftPackageReference;
			repositoryURL = "https://github.com/devxoul/ReusableKit";
			requirement = {
				kind = exactVersion;
				version = 4.0.0;
			};
		};
		C4A4E07F2AA9A8F80046F60C /* XCRemoteSwiftPackageReference "FSPagerView" */ = {
			isa = XCRemoteSwiftPackageReference;
			repositoryURL = "https://github.com/WenchaoD/FSPagerView.git";
			requirement = {
				kind = revision;
				revision = 968f0aaf120b8cb97d12c3a4447daa4926029f67;
			};
		};
		C4A4E0852AA9ADBC0046F60C /* XCRemoteSwiftPackageReference "Moya" */ = {
			isa = XCRemoteSwiftPackageReference;
			repositoryURL = "https://github.com/Moya/Moya.git";
			requirement = {
				kind = revision;
				revision = 963654cd4f82d17d7546b9d6127c29f6df091717;
			};
		};
		C4A4E08B2AA9AE730046F60C /* XCRemoteSwiftPackageReference "PopupDialog" */ = {
			isa = XCRemoteSwiftPackageReference;
			repositoryURL = "https://github.com/Orderella/PopupDialog.git";
			requirement = {
				kind = revision;
				revision = d41ac7c7fa7b940c355490281ea8b2fc39c8f599;
			};
		};
		C4A4E0912AA9AFB10046F60C /* XCRemoteSwiftPackageReference "RSKPlaceholderTextView" */ = {
			isa = XCRemoteSwiftPackageReference;
			repositoryURL = "https://github.com/ruslanskorb/RSKPlaceholderTextView.git";
			requirement = {
				kind = exactVersion;
				version = 6.1.0;
			};
		};
		C4A4E0942AA9AFF80046F60C /* XCRemoteSwiftPackageReference "realm-swift" */ = {
			isa = XCRemoteSwiftPackageReference;
			repositoryURL = "https://github.com/realm/realm-swift.git";
			requirement = {
				kind = exactVersion;
				version = 10.42.1;
			};
		};
		C4A6C6512AB97F4100016AFB /* XCRemoteSwiftPackageReference "Gifu" */ = {
			isa = XCRemoteSwiftPackageReference;
			repositoryURL = "https://github.com/kaishin/Gifu.git";
			requirement = {
				kind = exactVersion;
				version = 3.4.1;
			};
		};
		C4A6C6622AB9A15400016AFB /* XCRemoteSwiftPackageReference "Reusable" */ = {
			isa = XCRemoteSwiftPackageReference;
			repositoryURL = "https://github.com/AliSoftware/Reusable.git";
			requirement = {
				kind = exactVersion;
				version = 4.1.2;
			};
		};
/* End XCRemoteSwiftPackageReference section */

/* Begin XCSwiftPackageProductDependency section */
		C4A4E04C2AA99C430046F60C /* XLPagerTabStrip */ = {
			isa = XCSwiftPackageProductDependency;
			package = C4A4E04B2AA99C430046F60C /* XCRemoteSwiftPackageReference "XLPagerTabStrip" */;
			productName = XLPagerTabStrip;
		};
		C4A4E0552AA99D570046F60C /* RxCocoa */ = {
			isa = XCSwiftPackageProductDependency;
			package = C4A4E0542AA99D570046F60C /* XCRemoteSwiftPackageReference "RxSwift" */;
			productName = RxCocoa;
		};
		C4A4E0572AA99D570046F60C /* RxRelay */ = {
			isa = XCSwiftPackageProductDependency;
			package = C4A4E0542AA99D570046F60C /* XCRemoteSwiftPackageReference "RxSwift" */;
			productName = RxRelay;
		};
		C4A4E0592AA99D570046F60C /* RxSwift */ = {
			isa = XCSwiftPackageProductDependency;
			package = C4A4E0542AA99D570046F60C /* XCRemoteSwiftPackageReference "RxSwift" */;
			productName = RxSwift;
		};
		C4A4E05C2AA99D7F0046F60C /* RxFlow */ = {
			isa = XCSwiftPackageProductDependency;
			package = C4A4E05B2AA99D7F0046F60C /* XCRemoteSwiftPackageReference "RxFlow" */;
			productName = RxFlow;
		};
		C4A4E05F2AA99DF20046F60C /* RxGesture */ = {
			isa = XCSwiftPackageProductDependency;
			package = C4A4E05E2AA99DF20046F60C /* XCRemoteSwiftPackageReference "RxGesture" */;
			productName = RxGesture;
		};
		C4A4E0622AA99E990046F60C /* Alamofire */ = {
			isa = XCSwiftPackageProductDependency;
			package = C4A4E0612AA99E990046F60C /* XCRemoteSwiftPackageReference "Alamofire" */;
			productName = Alamofire;
		};
		C4A4E0652AA99F720046F60C /* Nuke */ = {
			isa = XCSwiftPackageProductDependency;
			package = C4A4E0642AA99F720046F60C /* XCRemoteSwiftPackageReference "Nuke" */;
			productName = Nuke;
		};
		C4A4E0672AA99F730046F60C /* NukeExtensions */ = {
			isa = XCSwiftPackageProductDependency;
			package = C4A4E0642AA99F720046F60C /* XCRemoteSwiftPackageReference "Nuke" */;
			productName = NukeExtensions;
		};
		C4A4E0692AA99F730046F60C /* NukeUI */ = {
			isa = XCSwiftPackageProductDependency;
			package = C4A4E0642AA99F720046F60C /* XCRemoteSwiftPackageReference "Nuke" */;
			productName = NukeUI;
		};
		C4A4E06B2AA99F730046F60C /* NukeVideo */ = {
			isa = XCSwiftPackageProductDependency;
			package = C4A4E0642AA99F720046F60C /* XCRemoteSwiftPackageReference "Nuke" */;
			productName = NukeVideo;
		};
		C4A4E06E2AA9A0470046F60C /* SnapKit */ = {
			isa = XCSwiftPackageProductDependency;
			package = C4A4E06D2AA9A0470046F60C /* XCRemoteSwiftPackageReference "SnapKit" */;
			productName = SnapKit;
		};
		C4A4E0712AA9A0520046F60C /* ReactorKit */ = {
			isa = XCSwiftPackageProductDependency;
			package = C4A4E0702AA9A0520046F60C /* XCRemoteSwiftPackageReference "ReactorKit" */;
			productName = ReactorKit;
		};
		C4A4E0742AA9A0A40046F60C /* BonMot */ = {
			isa = XCSwiftPackageProductDependency;
			package = C4A4E0732AA9A0A40046F60C /* XCRemoteSwiftPackageReference "BonMot" */;
			productName = BonMot;
		};
		C4A4E0772AA9A1440046F60C /* RxReusableKit */ = {
			isa = XCSwiftPackageProductDependency;
			package = C4A4E0762AA9A1440046F60C /* XCRemoteSwiftPackageReference "ReusableKit" */;
			productName = RxReusableKit;
		};
		C4A4E0802AA9A8F80046F60C /* FSPagerView */ = {
			isa = XCSwiftPackageProductDependency;
			package = C4A4E07F2AA9A8F80046F60C /* XCRemoteSwiftPackageReference "FSPagerView" */;
			productName = FSPagerView;
		};
		C4A4E0862AA9ADBC0046F60C /* RxMoya */ = {
			isa = XCSwiftPackageProductDependency;
			package = C4A4E0852AA9ADBC0046F60C /* XCRemoteSwiftPackageReference "Moya" */;
			productName = RxMoya;
		};
		C4A4E08C2AA9AE730046F60C /* PopupDialog */ = {
			isa = XCSwiftPackageProductDependency;
			package = C4A4E08B2AA9AE730046F60C /* XCRemoteSwiftPackageReference "PopupDialog" */;
			productName = PopupDialog;
		};
		C4A4E0922AA9AFB10046F60C /* RSKPlaceholderTextView */ = {
			isa = XCSwiftPackageProductDependency;
			package = C4A4E0912AA9AFB10046F60C /* XCRemoteSwiftPackageReference "RSKPlaceholderTextView" */;
			productName = RSKPlaceholderTextView;
		};
		C4A4E0952AA9AFF80046F60C /* RealmSwift */ = {
			isa = XCSwiftPackageProductDependency;
			package = C4A4E0942AA9AFF80046F60C /* XCRemoteSwiftPackageReference "realm-swift" */;
			productName = RealmSwift;
		};
		C4A6C6522AB97F4100016AFB /* Gifu */ = {
			isa = XCSwiftPackageProductDependency;
			package = C4A6C6512AB97F4100016AFB /* XCRemoteSwiftPackageReference "Gifu" */;
			productName = Gifu;
		};
		C4A6C6632AB9A15400016AFB /* Reusable */ = {
			isa = XCSwiftPackageProductDependency;
			package = C4A6C6622AB9A15400016AFB /* XCRemoteSwiftPackageReference "Reusable" */;
			productName = Reusable;
		};
/* End XCSwiftPackageProductDependency section */
	};
	rootObject = C4A4E02B2AA996420046F60C /* Project object */;
}
